Microsoft Visual Studio Solution File, Format Version 12.00
# Visual Studio Version 17
VisualStudioVersion = 17.5.2.0
MinimumVisualStudioVersion = 10.0.40219.1
Project("{FAE04EC0-301F-11D3-BF4B-00C04F79EFBC}") = "SentinelGear", "SentinelGear.csproj", "{22FA2C29-9024-C805-4CEF-E7FDDE7C4CFD}"
EndProject
Global
	GlobalSection(SolutionConfigurationPlatforms) = preSolution
		Debug|Any CPU = Debug|Any CPU
		Release|Any CPU = Release|Any CPU
	EndGlobalSection
	GlobalSection(ProjectConfigurationPlatforms) = postSolution
		{22FA2C29-9024-C805-4CEF-E7FDDE7C4CFD}.Debug|Any CPU.ActiveCfg = Debug|Any CPU
		{22FA2C29-9024-C805-4CEF-E7FDDE7C4CFD}.Debug|Any CPU.Build.0 = Debug|Any CPU
		{22FA2C29-9024-C805-4CEF-E7FDDE7C4CFD}.Release|Any CPU.ActiveCfg = Release|Any CPU
		{22FA2C29-9024-C805-4CEF-E7FDDE7C4CFD}.Release|Any CPU.Build.0 = Release|Any CPU
	EndGlobalSection
	GlobalSection(SolutionProperties) = preSolution
		HideSolutionNode = FALSE
	EndGlobalSection
	GlobalSection(ExtensibilityGlobals) = postSolution
		SolutionGuid = {5E9D281E-72F0-457D-B252-F21970A94F57}
	EndGlobalSection
EndGlobal
